
Microsoft Visual Studio Solution File, Format Version 12.00
# Visual Studio Version 16
VisualStudioVersion = 16.0.30804.86
MinimumVisualStudioVersion = 15.0.26124.0
Project("{9A19103F-16F7-4668-BE54-9A1E7A4F7556}") = "Bowerbird", "Bowerbird\Bowerbird.csproj", "{7968F579-CE49-400B-8BF0-A97F2CEEF4D8}"
EndProject
Global
	GlobalSection(SolutionConfigurationPlatforms) = preSolution
		Debug|Any CPU = Debug|Any CPU
		Debug|x64 = Debug|x64
		Debug|x86 = Debug|x86
		Release|Any CPU = Release|Any CPU
		Release|x64 = Release|x64
		Release|x86 = Release|x86
	EndGlobalSection
	GlobalSection(ProjectConfigurationPlatforms) = postSolution
		{7968F579-CE49-400B-8BF0-A97F2CEEF4D8}.Debug|Any CPU.ActiveCfg = Debug|Any CPU
		{7968F579-CE49-400B-8BF0-A97F2CEEF4D8}.Debug|Any CPU.Build.0 = Debug|Any CPU
		{7968F579-CE49-400B-8BF0-A97F2CEEF4D8}.Debug|x64.ActiveCfg = Debug|Any CPU
		{7968F579-CE49-400B-8BF0-A97F2CEEF4D8}.Debug|x64.Build.0 = Debug|Any CPU
		{7968F579-CE49-400B-8BF0-A97F2CEEF4D8}.Debug|x86.ActiveCfg = Debug|Any CPU
		{7968F579-CE49-400B-8BF0-A97F2CEEF4D8}.Debug|x86.Build.0 = Debug|Any CPU
		{7968F579-CE49-400B-8BF0-A97F2CEEF4D8}.Release|Any CPU.ActiveCfg = Release|Any CPU
		{7968F579-CE49-400B-8BF0-A97F2CEEF4D8}.Release|Any CPU.Build.0 = Release|Any CPU
		{7968F579-CE49-400B-8BF0-A97F2CEEF4D8}.Release|x64.ActiveCfg = Release|Any CPU
		{7968F579-CE49-400B-8BF0-A97F2CEEF4D8}.Release|x64.Build.0 = Release|Any CPU
		{7968F579-CE49-400B-8BF0-A97F2CEEF4D8}.Release|x86.ActiveCfg = Release|Any CPU
		{7968F579-CE49-400B-8BF0-A97F2CEEF4D8}.Release|x86.Build.0 = Release|Any CPU
	EndGlobalSection
	GlobalSection(SolutionProperties) = preSolution
		HideSolutionNode = FALSE
	EndGlobalSection
	GlobalSection(ExtensibilityGlobals) = postSolution
		SolutionGuid = {10D42135-7ACF-4F15-AAAE-B796CC84F14C}
	EndGlobalSection
EndGlobal
