
Microsoft Visual Studio Solution File, Format Version 12.00
# Visual Studio Version 16
VisualStudioVersion = 16.0.29009.5
MinimumVisualStudioVersion = 10.0.40219.1
Project("{FAE04EC0-301F-11D3-BF4B-00C04F79EFBC}") = "Bowerbird", "Bowerbird\Bowerbird.csproj", "{CCD51300-086E-4F5B-9179-3F63A8962CB8}"
EndProject
Global
	GlobalSection(SolutionConfigurationPlatforms) = preSolution
		Debug|Any CPU = Debug|Any CPU
		Release|Any CPU = Release|Any CPU
	EndGlobalSection
	GlobalSection(ProjectConfigurationPlatforms) = postSolution
		{CCD51300-086E-4F5B-9179-3F63A8962CB8}.Debug|Any CPU.ActiveCfg = Debug|Any CPU
		{CCD51300-086E-4F5B-9179-3F63A8962CB8}.Debug|Any CPU.Build.0 = Debug|Any CPU
		{CCD51300-086E-4F5B-9179-3F63A8962CB8}.Release|Any CPU.ActiveCfg = Release|Any CPU
		{CCD51300-086E-4F5B-9179-3F63A8962CB8}.Release|Any CPU.Build.0 = Release|Any CPU
	EndGlobalSection
	GlobalSection(SolutionProperties) = preSolution
		HideSolutionNode = FALSE
	EndGlobalSection
	GlobalSection(ExtensibilityGlobals) = postSolution
		SolutionGuid = {294D378A-68F3-4913-9052-FB54A3F5C5A6}
	EndGlobalSection
EndGlobal
