
Microsoft Visual Studio Solution File, Format Version 12.00
# Visual Studio 15
VisualStudioVersion = 15.0.28010.2003
MinimumVisualStudioVersion = 10.0.40219.1
Project("{FAE04EC0-301F-11D3-BF4B-00C04F79EFBC}") = "Bowerbird.Grasshopper", "Bowerbird\Bowerbird.Grasshopper.csproj", "{C6081406-7CCF-4CA9-939D-B9A021B885BF}"
EndProject
Project("{FAE04EC0-301F-11D3-BF4B-00C04F79EFBC}") = "Bowerbird.Rhino", "Bowerbird\Bowerbird.Rhino.csproj", "{78A0A59A-8293-488F-BCAD-883B8C62D496}"
EndProject
Global
	GlobalSection(SolutionConfigurationPlatforms) = preSolution
		Debug|Any CPU = Debug|Any CPU
		Debug64|Any CPU = Debug64|Any CPU
		Release|Any CPU = Release|Any CPU
	EndGlobalSection
	GlobalSection(ProjectConfigurationPlatforms) = postSolution
		{C6081406-7CCF-4CA9-939D-B9A021B885BF}.Debug|Any CPU.ActiveCfg = Debug64|Any CPU
		{C6081406-7CCF-4CA9-939D-B9A021B885BF}.Debug|Any CPU.Build.0 = Debug64|Any CPU
		{C6081406-7CCF-4CA9-939D-B9A021B885BF}.Debug64|Any CPU.ActiveCfg = Debug64|Any CPU
		{C6081406-7CCF-4CA9-939D-B9A021B885BF}.Debug64|Any CPU.Build.0 = Debug64|Any CPU
		{C6081406-7CCF-4CA9-939D-B9A021B885BF}.Release|Any CPU.ActiveCfg = Release|Any CPU
		{C6081406-7CCF-4CA9-939D-B9A021B885BF}.Release|Any CPU.Build.0 = Release|Any CPU
		{78A0A59A-8293-488F-BCAD-883B8C62D496}.Debug|Any CPU.ActiveCfg = Debug64|Any CPU
		{78A0A59A-8293-488F-BCAD-883B8C62D496}.Debug|Any CPU.Build.0 = Debug64|Any CPU
		{78A0A59A-8293-488F-BCAD-883B8C62D496}.Debug64|Any CPU.ActiveCfg = Debug64|Any CPU
		{78A0A59A-8293-488F-BCAD-883B8C62D496}.Debug64|Any CPU.Build.0 = Debug64|Any CPU
		{78A0A59A-8293-488F-BCAD-883B8C62D496}.Release|Any CPU.ActiveCfg = Release|Any CPU
		{78A0A59A-8293-488F-BCAD-883B8C62D496}.Release|Any CPU.Build.0 = Release|Any CPU
	EndGlobalSection
	GlobalSection(SolutionProperties) = preSolution
		HideSolutionNode = FALSE
	EndGlobalSection
	GlobalSection(ExtensibilityGlobals) = postSolution
		SolutionGuid = {FB89748B-61B3-439C-B3DC-E967AB943EC3}
	EndGlobalSection
EndGlobal
